
Microsoft Visual Studio Solution File, Format Version 12.00
# Visual Studio Version 16
VisualStudioVersion = 16.0.30114.105
MinimumVisualStudioVersion = 10.0.40219.1
Project("{FAE04EC0-301F-11D3-BF4B-00C04F79EFBC}") = "P03AplikacjaPogodaClientAPI", "P03AplikacjaPogodaClientAPI\P03AplikacjaPogodaClientAPI.csproj", "{63B0396A-E9ED-4B82-82D9-1990AB5E920C}"
EndProject
Project("{FAE04EC0-301F-11D3-BF4B-00C04F79EFBC}") = "P04Sklep.API", "P04Sklep.API\P04Sklep.API.csproj", "{EFAC2DAF-908C-4937-B412-8C0BA71CB2C7}"
EndProject
Project("{FAE04EC0-301F-11D3-BF4B-00C04F79EFBC}") = "P05Sklep.Shared", "P05Sklep.Shared\P05Sklep.Shared.csproj", "{DB4EB55E-CC78-416D-AE85-B7F0F4B47F1A}"
EndProject
Project("{FAE04EC0-301F-11D3-BF4B-00C04F79EFBC}") = "P06Sklep.DataSeeder", "P06Sklep.DataSeeder\P06Sklep.DataSeeder.csproj", "{F253FB22-1032-4B01-8307-7B047DE5017C}"
EndProject
Project("{FAE04EC0-301F-11D3-BF4B-00C04F79EFBC}") = "P07Blazor.Client", "P07Blazor.Client\P07Blazor.Client.csproj", "{C45B0B85-8F43-4A0C-8490-FA6624F042DD}"
EndProject
Global
	GlobalSection(SolutionConfigurationPlatforms) = preSolution
		Debug|Any CPU = Debug|Any CPU
		Release|Any CPU = Release|Any CPU
	EndGlobalSection
	GlobalSection(SolutionProperties) = preSolution
		HideSolutionNode = FALSE
	EndGlobalSection
	GlobalSection(ProjectConfigurationPlatforms) = postSolution
		{63B0396A-E9ED-4B82-82D9-1990AB5E920C}.Debug|Any CPU.ActiveCfg = Debug|Any CPU
		{63B0396A-E9ED-4B82-82D9-1990AB5E920C}.Debug|Any CPU.Build.0 = Debug|Any CPU
		{63B0396A-E9ED-4B82-82D9-1990AB5E920C}.Release|Any CPU.ActiveCfg = Release|Any CPU
		{63B0396A-E9ED-4B82-82D9-1990AB5E920C}.Release|Any CPU.Build.0 = Release|Any CPU
		{EFAC2DAF-908C-4937-B412-8C0BA71CB2C7}.Debug|Any CPU.ActiveCfg = Debug|Any CPU
		{EFAC2DAF-908C-4937-B412-8C0BA71CB2C7}.Debug|Any CPU.Build.0 = Debug|Any CPU
		{EFAC2DAF-908C-4937-B412-8C0BA71CB2C7}.Release|Any CPU.ActiveCfg = Release|Any CPU
		{EFAC2DAF-908C-4937-B412-8C0BA71CB2C7}.Release|Any CPU.Build.0 = Release|Any CPU
		{DB4EB55E-CC78-416D-AE85-B7F0F4B47F1A}.Debug|Any CPU.ActiveCfg = Debug|Any CPU
		{DB4EB55E-CC78-416D-AE85-B7F0F4B47F1A}.Debug|Any CPU.Build.0 = Debug|Any CPU
		{DB4EB55E-CC78-416D-AE85-B7F0F4B47F1A}.Release|Any CPU.ActiveCfg = Release|Any CPU
		{DB4EB55E-CC78-416D-AE85-B7F0F4B47F1A}.Release|Any CPU.Build.0 = Release|Any CPU
		{F253FB22-1032-4B01-8307-7B047DE5017C}.Debug|Any CPU.ActiveCfg = Debug|Any CPU
		{F253FB22-1032-4B01-8307-7B047DE5017C}.Debug|Any CPU.Build.0 = Debug|Any CPU
		{F253FB22-1032-4B01-8307-7B047DE5017C}.Release|Any CPU.ActiveCfg = Release|Any CPU
		{F253FB22-1032-4B01-8307-7B047DE5017C}.Release|Any CPU.Build.0 = Release|Any CPU
		{C45B0B85-8F43-4A0C-8490-FA6624F042DD}.Debug|Any CPU.ActiveCfg = Debug|Any CPU
		{C45B0B85-8F43-4A0C-8490-FA6624F042DD}.Debug|Any CPU.Build.0 = Debug|Any CPU
		{C45B0B85-8F43-4A0C-8490-FA6624F042DD}.Release|Any CPU.ActiveCfg = Release|Any CPU
		{C45B0B85-8F43-4A0C-8490-FA6624F042DD}.Release|Any CPU.Build.0 = Release|Any CPU
	EndGlobalSection
EndGlobal
